
Microsoft Visual Studio Solution File, Format Version 12.00
# Visual Studio Version 16
VisualStudioVersion = 16.0.30907.101
MinimumVisualStudioVersion = 10.0.40219.1
Project("{FAE04EC0-301F-11D3-BF4B-00C04F79EFBC}") = "ExamView", "ExamView\ExamView.csproj", "{DD382450-4C8C-4D10-AC27-D5FA349C81A4}"
EndProject
Project("{FAE04EC0-301F-11D3-BF4B-00C04F79EFBC}") = "ExamBusinessLogic", "ExamBusinessLogic\ExamBusinessLogic.csproj", "{7E41C5A4-6DB3-4B47-A41E-97B85B5EF3D5}"
EndProject
Project("{FAE04EC0-301F-11D3-BF4B-00C04F79EFBC}") = "ExamDatabaseImplement", "ExamDatabaseImplement\ExamDatabaseImplement.csproj", "{B19AA7EE-18E4-4DC0-81A1-6719EBC06DBC}"
EndProject
Global
	GlobalSection(SolutionConfigurationPlatforms) = preSolution
		Debug|Any CPU = Debug|Any CPU
		Release|Any CPU = Release|Any CPU
	EndGlobalSection
	GlobalSection(ProjectConfigurationPlatforms) = postSolution
		{DD382450-4C8C-4D10-AC27-D5FA349C81A4}.Debug|Any CPU.ActiveCfg = Debug|Any CPU
		{DD382450-4C8C-4D10-AC27-D5FA349C81A4}.Debug|Any CPU.Build.0 = Debug|Any CPU
		{DD382450-4C8C-4D10-AC27-D5FA349C81A4}.Release|Any CPU.ActiveCfg = Release|Any CPU
		{DD382450-4C8C-4D10-AC27-D5FA349C81A4}.Release|Any CPU.Build.0 = Release|Any CPU
		{7E41C5A4-6DB3-4B47-A41E-97B85B5EF3D5}.Debug|Any CPU.ActiveCfg = Debug|Any CPU
		{7E41C5A4-6DB3-4B47-A41E-97B85B5EF3D5}.Debug|Any CPU.Build.0 = Debug|Any CPU
		{7E41C5A4-6DB3-4B47-A41E-97B85B5EF3D5}.Release|Any CPU.ActiveCfg = Release|Any CPU
		{7E41C5A4-6DB3-4B47-A41E-97B85B5EF3D5}.Release|Any CPU.Build.0 = Release|Any CPU
		{B19AA7EE-18E4-4DC0-81A1-6719EBC06DBC}.Debug|Any CPU.ActiveCfg = Debug|Any CPU
		{B19AA7EE-18E4-4DC0-81A1-6719EBC06DBC}.Debug|Any CPU.Build.0 = Debug|Any CPU
		{B19AA7EE-18E4-4DC0-81A1-6719EBC06DBC}.Release|Any CPU.ActiveCfg = Release|Any CPU
		{B19AA7EE-18E4-4DC0-81A1-6719EBC06DBC}.Release|Any CPU.Build.0 = Release|Any CPU
	EndGlobalSection
	GlobalSection(SolutionProperties) = preSolution
		HideSolutionNode = FALSE
	EndGlobalSection
	GlobalSection(ExtensibilityGlobals) = postSolution
		SolutionGuid = {936B3ECF-C997-471B-80BE-B755A841C03D}
	EndGlobalSection
EndGlobal
